[[package]]
name = "autopep8"
version = "1.6.0"
description = "A tool that automatically formats Python code to conform to the PEP 8 style guide"
category = "dev"
optional = false
python-versions = "*"

[package.dependencies]
pycodestyle = ">=2.8.0"
toml = "*"

[[package]]
name = "click"
version = "8.0.4"
description = "Composable command line interface toolkit"
category = "main"
optional = false
python-versions = ">=3.6"

[package.dependencies]
colorama = {version = "*", markers = "platform_system == \"Windows\""}

[[package]]
name = "colorama"
version = "0.4.4"
description = "Cross-platform colored terminal text."
category = "main"
optional = false
python-versions = ">=2.7, !=3.0.*, !=3.1.*, !=3.2.*, !=3.3.*, !=3.4.*"

[[package]]
name = "crac-protobuf"
version = "0.1.17"
description = "Protobuf contrat for client/server communication"
category = "main"
optional = false
python-versions = "^3.9"

[package.source]
type = "file"
url = "../crac-protobuf/dist/crac-protobuf-0.1.17.tar.gz"

[[package]]
name = "flask"
version = "2.0.3"
description = "A simple framework for building complex web applications."
category = "main"
optional = false
python-versions = ">=3.6"

[package.dependencies]
click = ">=7.1.2"
itsdangerous = ">=2.0"
Jinja2 = ">=3.0"
Werkzeug = ">=2.0"

[package.extras]
async = ["asgiref (>=3.2)"]
dotenv = ["python-dotenv"]

[[package]]
name = "grpcio"
version = "1.44.0"
description = "HTTP/2-based RPC framework"
category = "main"
optional = false
python-versions = ">=3.6"

[package.dependencies]
six = ">=1.5.2"

[package.extras]
protobuf = ["grpcio-tools (>=1.44.0)"]

[[package]]
name = "grpcio-tools"
version = "1.44.0"
description = "Protobuf code generator for gRPC"
category = "main"
optional = false
python-versions = ">=3.6"

[package.dependencies]
grpcio = ">=1.44.0"
protobuf = ">=3.5.0.post1,<4.0dev"

[[package]]
name = "itsdangerous"
version = "2.1.1"
description = "Safely pass data to untrusted environments and back."
category = "main"
optional = false
python-versions = ">=3.7"

[[package]]
name = "jinja2"
version = "3.0.3"
description = "A very fast and expressive template engine."
category = "main"
optional = false
python-versions = ">=3.6"

[package.dependencies]
MarkupSafe = ">=2.0"

[package.extras]
i18n = ["Babel (>=2.7)"]

[[package]]
name = "markupsafe"
version = "2.1.0"
description = "Safely add untrusted strings to HTML/XML markup."
category = "main"
optional = false
python-versions = ">=3.7"

[[package]]
name = "numpy"
version = "1.22.3"
description = "NumPy is the fundamental package for array computing with Python."
category = "main"
optional = false
python-versions = ">=3.8"

[[package]]
name = "opencv-python"
version = "4.5.5.64"
description = "Wrapper package for OpenCV python bindings."
category = "main"
optional = false
python-versions = ">=3.6"

[package.dependencies]
numpy = [
    {version = ">=1.21.2", markers = "python_version >= \"3.10\" or python_version >= \"3.6\" and platform_system == \"Darwin\" and platform_machine == \"arm64\""},
    {version = ">=1.19.3", markers = "python_version >= \"3.6\" and platform_system == \"Linux\" and platform_machine == \"aarch64\" or python_version >= \"3.9\""},
    {version = ">=1.14.5", markers = "python_version >= \"3.7\""},
    {version = ">=1.17.3", markers = "python_version >= \"3.8\""},
]

[[package]]
name = "protobuf"
version = "3.19.4"
description = "Protocol Buffers"
category = "main"
optional = false
python-versions = ">=3.5"

[[package]]
name = "pycodestyle"
version = "2.8.0"
description = "Python style guide checker"
category = "dev"
optional = false
python-versions = ">=2.7, !=3.0.*, !=3.1.*, !=3.2.*, !=3.3.*, !=3.4.*"

[[package]]
name = "pysimplegui"
version = "4.57.0"
description = "Python GUIs for Humans. Launched in 2018. It's 2022 & PySimpleGUI is an ACTIVE & supported project. Super-simple to create custom GUI's. 325+ Demo programs & Cookbook for rapid start. Extensive documentation. Main docs at www.PySimpleGUI.org. Fun & your success are the focus. Examples using Machine Learning (GUI, OpenCV Integration), Rainmeter Style Desktop Widgets, Matplotlib + Pyplot, PIL support, add GUI to command line scripts, PDF & Image Viewers. Great for beginners & advanced GUI programmers."
category = "main"
optional = false
python-versions = "*"

[[package]]
name = "python-dotenv"
version = "0.20.0"
description = "Read key-value pairs from a .env file and set them as environment variables"
category = "main"
optional = false
python-versions = ">=3.5"

[package.extras]
cli = ["click (>=5.0)"]

[[package]]
name = "six"
version = "1.16.0"
description = "Python 2 and 3 compatibility utilities"
category = "main"
optional = false
python-versions = ">=2.7, !=3.0.*, !=3.1.*, !=3.2.*"

[[package]]
name = "toml"
version = "0.10.2"
description = "Python Library for Tom's Obvious, Minimal Language"
category = "dev"
optional = false
python-versions = ">=2.6, !=3.0.*, !=3.1.*, !=3.2.*"

[[package]]
name = "werkzeug"
version = "2.0.3"
description = "The comprehensive WSGI web application library."
category = "main"
optional = false
python-versions = ">=3.6"

[package.extras]
watchdog = ["watchdog"]

[metadata]
lock-version = "1.1"
python-versions = "^3.10"
content-hash = "84fd1bc6b9c9f5655817ef7fe765a241593a8a86ef5894d86985e7e733642873"

[metadata.files]
autopep8 = [
    {file = "autopep8-1.6.0-py2.py3-none-any.whl", hash = "sha256:ed77137193bbac52d029a52c59bec1b0629b5a186c495f1eb21b126ac466083f"},
    {file = "autopep8-1.6.0.tar.gz", hash = "sha256:44f0932855039d2c15c4510d6df665e4730f2b8582704fa48f9c55bd3e17d979"},
]
click = [
    {file = "click-8.0.4-py3-none-any.whl", hash = "sha256:6a7a62563bbfabfda3a38f3023a1db4a35978c0abd76f6c9605ecd6554d6d9b1"},
    {file = "click-8.0.4.tar.gz", hash = "sha256:8458d7b1287c5fb128c90e23381cf99dcde74beaf6c7ff6384ce84d6fe090adb"},
]
colorama = [
    {file = "colorama-0.4.4-py2.py3-none-any.whl", hash = "sha256:9f47eda37229f68eee03b24b9748937c7dc3868f906e8ba69fbcbdd3bc5dc3e2"},
    {file = "colorama-0.4.4.tar.gz", hash = "sha256:5941b2b48a20143d2267e95b1c2a7603ce057ee39fd88e7329b0c292aa16869b"},
]
crac-protobuf = [
    {file = "crac-protobuf-0.1.17.tar.gz", hash = "sha256:0e134c5d41f405179a37ab416a58fde6f70508533dce0cca41df068e33b1ee00"},
]
flask = [
    {file = "Flask-2.0.3-py3-none-any.whl", hash = "sha256:59da8a3170004800a2837844bfa84d49b022550616070f7cb1a659682b2e7c9f"},
    {file = "Flask-2.0.3.tar.gz", hash = "sha256:e1120c228ca2f553b470df4a5fa927ab66258467526069981b3eb0a91902687d"},
]
grpcio = [
    {file = "grpcio-1.44.0-cp310-cp310-linux_armv7l.whl", hash = "sha256:11f811c0fffd84fca747fbc742464575e5eb130fd4fb4d6012ccc34febd001db"},
    {file = "grpcio-1.44.0-cp310-cp310-macosx_10_10_universal2.whl", hash = "sha256:9a86a91201f8345502ea81dee0a55ae13add5fafadf109b17acd858fe8239651"},
    {file = "grpcio-1.44.0-cp310-cp310-manylinux_2_17_aarch64.whl", hash = "sha256:5f3c54ebb5d9633a557335c01d88d3d4928e9b1b131692283b6184da1edbec0b"},
    {file = "grpcio-1.44.0-cp310-cp310-manylinux_2_17_i686.manylinux2014_i686.whl", hash = "sha256:3d47553b8e86ab1e59b0185ba6491a187f94a0239f414c8fc867a22b0405b798"},
    {file = "grpcio-1.44.0-cp310-cp310-manylinux_2_17_x86_64.manylinux2014_x86_64.whl", hash = "sha256:d1e22d3a510438b7f3365c0071b810672d09febac6e8ca8a47eab657ae5f347b"},
    {file = "grpcio-1.44.0-cp310-cp310-win32.whl", hash = "sha256:41036a574cab3468f24d41d6ed2b52588fb85ed60f8feaa925d7e424a250740b"},
    {file = "grpcio-1.44.0-cp310-cp310-win_amd64.whl", hash = "sha256:4ee51964edfd0a1293a95bb0d72d134ecf889379d90d2612cbf663623ce832b4"},
    {file = "grpcio-1.44.0-cp36-cp36m-linux_armv7l.whl", hash = "sha256:e2149077d71e060678130644670389ddf1491200bcea16c5560d4ccdc65e3f2e"},
    {file = "grpcio-1.44.0-cp36-cp36m-macosx_10_10_x86_64.whl", hash = "sha256:0ac72d4b953b76924f8fa21436af060d7e6d8581e279863f30ee14f20751ac27"},
    {file = "grpcio-1.44.0-cp36-cp36m-manylinux2010_i686.whl", hash = "sha256:5c30a9a7d3a05920368a60b080cbbeaf06335303be23ac244034c71c03a0fd24"},
    {file = "grpcio-1.44.0-cp36-cp36m-manylinux2010_x86_64.whl", hash = "sha256:05467acd391e3fffb05991c76cb2ed2fa1309d0e3815ac379764bc5670b4b5d4"},
    {file = "grpcio-1.44.0-cp36-cp36m-manylinux_2_17_aarch64.whl", hash = "sha256:b81dc7894062ed2d25b74a2725aaa0a6895ce97ce854f432fe4e87cad5a07316"},
    {file = "grpcio-1.44.0-cp36-cp36m-manylinux_2_17_i686.manylinux2014_i686.whl", hash = "sha256:46d4843192e7d36278884282e100b8f305cf37d1b3d8c6b4f736d4454640a069"},
    {file = "grpcio-1.44.0-cp36-cp36m-manylinux_2_17_x86_64.manylinux2014_x86_64.whl", hash = "sha256:898c159148f27e23c08a337fb80d31ece6b76bb24f359d83929460d813665b74"},
    {file = "grpcio-1.44.0-cp36-cp36m-win32.whl", hash = "sha256:b8d852329336c584c636caa9c2db990f3a332b19bc86a80f4646b58d27c142db"},
    {file = "grpcio-1.44.0-cp36-cp36m-win_amd64.whl", hash = "sha256:790d7493337558ae168477d1be3178f4c9b8f91d8cd9b8b719d06fd9b2d48836"},
    {file = "grpcio-1.44.0-cp37-cp37m-linux_armv7l.whl", hash = "sha256:cd61b52d9cf8fcf8d9628c0b640b9e44fdc5e93d989cc268086a858540ed370c"},
    {file = "grpcio-1.44.0-cp37-cp37m-macosx_10_10_x86_64.whl", hash = "sha256:14eefcf623890f3f7dd7831decd2a2116652b5ce1e0f1d4b464b8f52110743b0"},
    {file = "grpcio-1.44.0-cp37-cp37m-manylinux2010_i686.whl", hash = "sha256:bebe90b8020b4248e5a2076b56154cc6ff45691bbbe980579fc9db26717ac968"},
    {file = "grpcio-1.44.0-cp37-cp37m-manylinux2010_x86_64.whl", hash = "sha256:89b390b1c0de909965280d175c53128ce2f0f4f5c0f011382243dd7f2f894060"},
    {file = "grpcio-1.44.0-cp37-cp37m-manylinux_2_17_aarch64.whl", hash = "sha256:c122dac5cb299b8ad7308d61bd9fe0413de13b0347cce465398436b3fdf1f609"},
    {file = "grpcio-1.44.0-cp37-cp37m-manylinux_2_17_i686.manylinux2014_i686.whl", hash = "sha256:6641a28cc826a92ef717201cca9a035c34a0185e38b0c93f3ce5f01a01a1570a"},
    {file = "grpcio-1.44.0-cp37-cp37m-manylinux_2_17_x86_64.manylinux2014_x86_64.whl", hash = "sha256:fdb0a3e0e64843441793923d9532a3a23907b07b2a1e0a7a31f186dc185bb772"},
    {file = "grpcio-1.44.0-cp37-cp37m-win32.whl", hash = "sha256:be857b7ec2ac43455156e6ba89262f7d7ae60227049427d01a3fecd218a3f88d"},
    {file = "grpcio-1.44.0-cp37-cp37m-win_amd64.whl", hash = "sha256:f6a9cf0e77f72f2ac30c9c6e086bc7446c984c51bebc6c7f50fbcd718037edba"},
    {file = "grpcio-1.44.0-cp38-cp38-linux_armv7l.whl", hash = "sha256:19e54f0c7083c8332b5a75a9081fc5127f1dbb67b6c1a32bd7fe896ef0934918"},
    {file = "grpcio-1.44.0-cp38-cp38-macosx_10_10_x86_64.whl", hash = "sha256:bfd36b959c3c4e945119387baed1414ea46f7116886aa23de0172302b49d7ff1"},
    {file = "grpcio-1.44.0-cp38-cp38-manylinux2010_i686.whl", hash = "sha256:ccd388b8f37b19d06e4152189726ce309e36dc03b53f2216a4ea49f09a7438e6"},
    {file = "grpcio-1.44.0-cp38-cp38-manylinux2010_x86_64.whl", hash = "sha256:9075c0c003c1ff14ebce8f0ba55cc692158cb55c68da09cf8b0f9fc5b749e343"},
    {file = "grpcio-1.44.0-cp38-cp38-manylinux_2_17_aarch64.whl", hash = "sha256:e898194f76212facbaeb6d7545debff29351afa23b53ff8f0834d66611af5139"},
    {file = "grpcio-1.44.0-cp38-cp38-manylinux_2_17_i686.manylinux2014_i686.whl", hash = "sha256:8fa6584046a7cf281649975a363673fa5d9c6faf9dc923f261cc0e56713b5892"},
    {file = "grpcio-1.44.0-cp38-cp38-manylinux_2_17_x86_64.manylinux2014_x86_64.whl", hash = "sha256:36a7bdd6ef9bca050c7ade8cba5f0e743343ea0756d5d3d520e915098a9dc503"},
    {file = "grpcio-1.44.0-cp38-cp38-win32.whl", hash = "sha256:dc3290d0411ddd2bd49adba5793223de8de8b01588d45e9376f1a9f7d25414f4"},
    {file = "grpcio-1.44.0-cp38-cp38-win_amd64.whl", hash = "sha256:13343e7b840c20f43b44f0e6d3bbdc037c964f0aec9735d7cb685c407731c9ff"},
    {file = "grpcio-1.44.0-cp39-cp39-linux_armv7l.whl", hash = "sha256:c5c2f8417d13386e18ccc8c61467cb6a6f9667a1ff7000a2d7d378e5d7df693f"},
    {file = "grpcio-1.44.0-cp39-cp39-macosx_10_10_x86_64.whl", hash = "sha256:cf220199b7b4992729ad4d55d5d3f652f4ccfe1a35b5eacdbecf189c245e1859"},
    {file = "grpcio-1.44.0-cp39-cp39-manylinux2010_i686.whl", hash = "sha256:4201c597e5057a9bfef9ea5777a6d83f6252cb78044db7d57d941ec2300734a5"},
    {file = "grpcio-1.44.0-cp39-cp39-manylinux2010_x86_64.whl", hash = "sha256:e2de61005118ae59d48d5d749283ebfd1ba4ca68cc1000f8a395cd2bdcff7ceb"},
    {file = "grpcio-1.44.0-cp39-cp39-manylinux_2_17_aarch64.whl", hash = "sha256:871078218fa9117e2a378678f327e32fda04e363ed6bc0477275444273255d4d"},
    {file = "grpcio-1.44.0-cp39-cp39-manylinux_2_17_i686.manylinux2014_i686.whl", hash = "sha256:a8d610b7b557a7609fecee80b6dd793ecb7a9a3c3497fbdce63ce7d151cdd705"},
    {file = "grpcio-1.44.0-cp39-cp39-manylinux_2_17_x86_64.manylinux2014_x86_64.whl", hash = "sha256:4fcb53e4eb8c271032c91b8981df5fc1bb974bc73e306ec2c27da41bd95c44b5"},
    {file = "grpcio-1.44.0-cp39-cp39-win32.whl", hash = "sha256:e50ddea6de76c09b656df4b5a55ae222e2a56e625c44250e501ff3c904113ec1"},
    {file = "grpcio-1.44.0-cp39-cp39-win_amd64.whl", hash = "sha256:d2ec124a986093e26420a5fb10fa3f02b2c232f924cdd7b844ddf7e846c020cd"},
    {file = "grpcio-1.44.0.tar.gz", hash = "sha256:4bae1c99896045d3062ab95478411c8d5a52cb84b91a1517312629fa6cfeb50e"},
]
grpcio-tools = [
    {file = "grpcio-tools-1.44.0.tar.gz", hash = "sha256:be37f458ea510c9a8f1caabbc2b258d12e55d189a567f5edcace90f27dc0efbf"},
    {file = "grpcio_tools-1.44.0-cp310-cp310-linux_armv7l.whl", hash = "sha256:9f58529e24f613019a85c258a274d441d89e0cad8cf7fca21ef3807ba5840c5d"},
    {file = "grpcio_tools-1.44.0-cp310-cp310-macosx_10_10_universal2.whl", hash = "sha256:1d120082236f8d2877f8a19366476b82c3562423b877b7c471a142432e31c2c4"},
    {file = "grpcio_tools-1.44.0-cp310-cp310-manylinux_2_17_aarch64.whl", hash = "sha256:65c2fe3cdc5425180f01dd303e28d4f363d38f4c2e3a7e1a87caedd5417e23bb"},
    {file = "grpcio_tools-1.44.0-cp310-cp310-manylinux_2_17_i686.manylinux2014_i686.whl", hash = "sha256:5caef118deb8cdee1978fd3d8e388a9b256cd8d34e4a8895731ac0e86fa5e47c"},
    {file = "grpcio_tools-1.44.0-cp310-cp310-manylinux_2_17_x86_64.manylinux2014_x86_64.whl", hash = "sha256:121c9765cee8636201cf0d4e80bc7b509813194919bccdb66e9671c4ece6dac3"},
    {file = "grpcio_tools-1.44.0-cp310-cp310-win32.whl", hash = "sha256:90d1fac188bac838c4169eb3b67197887fa0572ea8a90519a20cddb080800549"},
    {file = "grpcio_tools-1.44.0-cp310-cp310-win_amd64.whl", hash = "sha256:3e16260dfe6e997330473863e01466b0992369ae2337a0249b390b4651cff424"},
    {file = "grpcio_tools-1.44.0-cp36-cp36m-linux_armv7l.whl", hash = "sha256:608414cc1093e1e9e5980c97a6ee78e51dffff359e7a3f123d1fb9d95b8763a5"},
    {file = "grpcio_tools-1.44.0-cp36-cp36m-macosx_10_10_x86_64.whl", hash = "sha256:395609c06f69fbc79518b30a01931127088a3f9ef2cc2a35269c5f187eefd38c"},
    {file = "grpcio_tools-1.44.0-cp36-cp36m-manylinux2010_i686.whl", hash = "sha256:f7ce16766b24b88ec0e4355f5dd66c2eee6af210e889fcb7961c9c4634c687de"},
    {file = "grpcio_tools-1.44.0-cp36-cp36m-manylinux2010_x86_64.whl", hash = "sha256:3c9abc4a40c62f46d5e43e49c7afc567dedf12eeef95933ac9ea2986baa2420b"},
    {file = "grpcio_tools-1.44.0-cp36-cp36m-manylinux_2_17_aarch64.whl", hash = "sha256:b73fd87a44ba1b91866b0254193c37cdb001737759b77b637cebe0c816d38342"},
    {file = "grpcio_tools-1.44.0-cp36-cp36m-manylinux_2_17_i686.manylinux2014_i686.whl", hash = "sha256:2b211f12e4cbc0fde8e0f982b0f581cce38874666a02ebfed93c23dcaeb8a4e0"},
    {file = "grpcio_tools-1.44.0-cp36-cp36m-manylinux_2_17_x86_64.manylinux2014_x86_64.whl", hash = "sha256:9b421dc9b27bcaff4c73644cd3801e4893b11ba3eb39729246fd3de98d9f685b"},
    {file = "grpcio_tools-1.44.0-cp36-cp36m-win32.whl", hash = "sha256:33d93027840a873c7b59402fe6db8263b88c56e2f84aa0b6281c05cc8bd314a1"},
    {file = "grpcio_tools-1.44.0-cp36-cp36m-win_amd64.whl", hash = "sha256:71fb6e7e66b918803b1bebd0231560981ab86c2546a3318a45822ce94de5e83d"},
    {file = "grpcio_tools-1.44.0-cp37-cp37m-linux_armv7l.whl", hash = "sha256:614c427ff235d92f103e9189f0230197c8f2f817d0dd9fd078f5d2ea4d920d02"},
    {file = "grpcio_tools-1.44.0-cp37-cp37m-macosx_10_10_x86_64.whl", hash = "sha256:c13e0cb486cfa15320ddcd70452a4d736e6ce319c03d6b3c0c2513ec8d2748fb"},
    {file = "grpcio_tools-1.44.0-cp37-cp37m-manylinux2010_i686.whl", hash = "sha256:5ade6b13dc4e148f400c8f55a6ef0b14216a3371d7a9e559571d5981b6cec36b"},
    {file = "grpcio_tools-1.44.0-cp37-cp37m-manylinux2010_x86_64.whl", hash = "sha256:6138d2c7eec7ed57585bc58e2dbcb65635a2d574ac632abd29949d3e68936bab"},
    {file = "grpcio_tools-1.44.0-cp37-cp37m-manylinux_2_17_aarch64.whl", hash = "sha256:3d6c8548b199591757dbfe89ed14e23782d6079d6d201c6c314c72f4086883aa"},
    {file = "grpcio_tools-1.44.0-cp37-cp37m-manylinux_2_17_i686.manylinux2014_i686.whl", hash = "sha256:b41c419829f01734d65958ba9b01b759061d8f7e0698f9612ba6b8837269f7a9"},
    {file = "grpcio_tools-1.44.0-cp37-cp37m-manylinux_2_17_x86_64.manylinux2014_x86_64.whl", hash = "sha256:f9f0c5b4567631fec993826e694e83d86a972b3e2e9b05cb0c56839b0316d26c"},
    {file = "grpcio_tools-1.44.0-cp37-cp37m-win32.whl", hash = "sha256:3f0e1d1f3f5a6f0c9f8b5441819dbec831ce7e9ffe04768e4b0d965a95fbbe5e"},
    {file = "grpcio_tools-1.44.0-cp37-cp37m-win_amd64.whl", hash = "sha256:1f87fc86d0b4181b6b4da6ec6a29511dca000e6b5694fdd6bbf87d125128bc41"},
    {file = "grpcio_tools-1.44.0-cp38-cp38-linux_armv7l.whl", hash = "sha256:cb8baa1d4cea35ca662c24098377bdd9514c56f227da0e38b43cd9b8223bfcc6"},
    {file = "grpcio_tools-1.44.0-cp38-cp38-macosx_10_10_x86_64.whl", hash = "sha256:ea36a294f7c70fd2f2bfb5dcf08602006304aa65b055ebd4f7c709e2a89deba7"},
    {file = "grpcio_tools-1.44.0-cp38-cp38-manylinux2010_i686.whl", hash = "sha256:1972caf8f695b91edc6444134445798692fe71276f0cde7604d55e65179adf93"},
    {file = "grpcio_tools-1.44.0-cp38-cp38-manylinux2010_x86_64.whl", hash = "sha256:674fb8d9c0e2d75166c4385753962485b757897223fc92a19c9e513ab80b96f7"},
    {file = "grpcio_tools-1.44.0-cp38-cp38-manylinux_2_17_aarch64.whl", hash = "sha256:37045ba850d423cdacede77b266b127025818a5a36d80f1fd7a5a1614a6a0de5"},
    {file = "grpcio_tools-1.44.0-cp38-cp38-manylinux_2_17_i686.manylinux2014_i686.whl", hash = "sha256:6cdf72947c6b0b03aa6dac06117a095947d02d43a5c6343051f4ce161fd0abcb"},
    {file = "grpcio_tools-1.44.0-cp38-cp38-manylinux_2_17_x86_64.manylinux2014_x86_64.whl", hash = "sha256:69bfa6fc1515c202fe428ba9f99e2b2f947b01bafc15d868798235b2e2d36baa"},
    {file = "grpcio_tools-1.44.0-cp38-cp38-win32.whl", hash = "sha256:2c516124356476d9afa126acce10ce568733120afbd9ae17ee01d44b9da20a67"},
    {file = "grpcio_tools-1.44.0-cp38-cp38-win_amd64.whl", hash = "sha256:ceb6441c24176705c5ab056e65a8b330e107107c5a492ba094d1b862a136d15d"},
    {file = "grpcio_tools-1.44.0-cp39-cp39-linux_armv7l.whl", hash = "sha256:398eda759194d355eb09f7beabae6e4fb45b3877cf7efe505b49095fa4889cef"},
    {file = "grpcio_tools-1.44.0-cp39-cp39-macosx_10_10_x86_64.whl", hash = "sha256:a169bfd7a1fe8cc11472eeeeab3088b3c5d56caac12b2192a920b73adcbc974c"},
    {file = "grpcio_tools-1.44.0-cp39-cp39-manylinux2010_i686.whl", hash = "sha256:a58aaaec0d846d142edd8e794ebb80aa429abfd581f4493a60a603aac0c50ac8"},
    {file = "grpcio_tools-1.44.0-cp39-cp39-manylinux2010_x86_64.whl", hash = "sha256:c3253bee8b68fe422754faf0f286aa068861c926a7b11e4daeb44b9af767c7f1"},
    {file = "grpcio_tools-1.44.0-cp39-cp39-manylinux_2_17_aarch64.whl", hash = "sha256:3c0be60721ae1ba09c4f29572a145f412e561b9201e19428758893709827f472"},
    {file = "grpcio_tools-1.44.0-cp39-cp39-manylinux_2_17_i686.manylinux2014_i686.whl", hash = "sha256:e44b9572c2226b85976e0d6054e22d7c59ebd6c9425ee71e5bc8910434aee3e1"},
    {file = "grpcio_tools-1.44.0-cp39-cp39-manylinux_2_17_x86_64.manylinux2014_x86_64.whl", hash = "sha256:7c04ec47905c4f6d6dad34d29f6ace652cc1ddc986f55aaa5559b72104c3f5cf"},
    {file = "grpcio_tools-1.44.0-cp39-cp39-win32.whl", hash = "sha256:fb8c7b9d24e2c4dc77e7800e83b68081729ac6094b781b2afdabf08af18c3b28"},
    {file = "grpcio_tools-1.44.0-cp39-cp39-win_amd64.whl", hash = "sha256:4eb93619c8cb3773fb899504e3e30a0dc79d3904fd7a84091d15552178e1e920"},
]
itsdangerous = [
    {file = "itsdangerous-2.1.1-py3-none-any.whl", hash = "sha256:935642cd4b987cdbee7210080004033af76306757ff8b4c0a506a4b6e06f02cf"},
    {file = "itsdangerous-2.1.1.tar.gz", hash = "sha256:7b7d3023cd35d9cb0c1fd91392f8c95c6fa02c59bf8ad64b8849be3401b95afb"},
]
jinja2 = [
    {file = "Jinja2-3.0.3-py3-none-any.whl", hash = "sha256:077ce6014f7b40d03b47d1f1ca4b0fc8328a692bd284016f806ed0eaca390ad8"},
    {file = "Jinja2-3.0.3.tar.gz", hash = "sha256:611bb273cd68f3b993fabdc4064fc858c5b47a973cb5aa7999ec1ba405c87cd7"},
]
markupsafe = [
    {file = "MarkupSafe-2.1.0-cp310-cp310-macosx_10_9_universal2.whl", hash = "sha256:3028252424c72b2602a323f70fbf50aa80a5d3aa616ea6add4ba21ae9cc9da4c"},
    {file = "MarkupSafe-2.1.0-cp310-cp310-macosx_10_9_x86_64.whl", hash = "sha256:290b02bab3c9e216da57c1d11d2ba73a9f73a614bbdcc027d299a60cdfabb11a"},
    {file = "MarkupSafe-2.1.0-cp310-cp310-manylinux_2_17_aarch64.manylinux2014_aarch64.whl", hash = "sha256:6e104c0c2b4cd765b4e83909cde7ec61a1e313f8a75775897db321450e928cce"},
    {file = "MarkupSafe-2.1.0-cp310-cp310-manylinux_2_17_x86_64.manylinux2014_x86_64.whl", hash = "sha256:24c3be29abb6b34052fd26fc7a8e0a49b1ee9d282e3665e8ad09a0a68faee5b3"},
    {file = "MarkupSafe-2.1.0-cp310-cp310-manylinux_2_5_i686.manylinux1_i686.manylinux_2_17_i686.manylinux2014_i686.whl", hash = "sha256:204730fd5fe2fe3b1e9ccadb2bd18ba8712b111dcabce185af0b3b5285a7c989"},
    {file = "MarkupSafe-2.1.0-cp310-cp310-musllinux_1_1_aarch64.whl", hash = "sha256:d3b64c65328cb4cd252c94f83e66e3d7acf8891e60ebf588d7b493a55a1dbf26"},
    {file = "MarkupSafe-2.1.0-cp310-cp310-musllinux_1_1_i686.whl", hash = "sha256:96de1932237abe0a13ba68b63e94113678c379dca45afa040a17b6e1ad7ed076"},
    {file = "MarkupSafe-2.1.0-cp310-cp310-musllinux_1_1_x86_64.whl", hash = "sha256:75bb36f134883fdbe13d8e63b8675f5f12b80bb6627f7714c7d6c5becf22719f"},
    {file = "MarkupSafe-2.1.0-cp310-cp310-win32.whl", hash = "sha256:4056f752015dfa9828dce3140dbadd543b555afb3252507348c493def166d454"},
    {file = "MarkupSafe-2.1.0-cp310-cp310-win_amd64.whl", hash = "sha256:d4e702eea4a2903441f2735799d217f4ac1b55f7d8ad96ab7d4e25417cb0827c"},
    {file = "MarkupSafe-2.1.0-cp37-cp37m-macosx_10_9_x86_64.whl", hash = "sha256:f0eddfcabd6936558ec020130f932d479930581171368fd728efcfb6ef0dd357"},
    {file = "MarkupSafe-2.1.0-cp37-cp37m-manylinux_2_17_aarch64.manylinux2014_aarch64.whl", hash = "sha256:5ddea4c352a488b5e1069069f2f501006b1a4362cb906bee9a193ef1245a7a61"},
    {file = "MarkupSafe-2.1.0-cp37-cp37m-manylinux_2_17_x86_64.manylinux2014_x86_64.whl", hash = "sha256:09c86c9643cceb1d87ca08cdc30160d1b7ab49a8a21564868921959bd16441b8"},
    {file = "MarkupSafe-2.1.0-cp37-cp37m-manylinux_2_5_i686.manylinux1_i686.manylinux_2_17_i686.manylinux2014_i686.whl", hash = "sha256:a0a0abef2ca47b33fb615b491ce31b055ef2430de52c5b3fb19a4042dbc5cadb"},
    {file = "MarkupSafe-2.1.0-cp37-cp37m-musllinux_1_1_aarch64.whl", hash = "sha256:736895a020e31b428b3382a7887bfea96102c529530299f426bf2e636aacec9e"},
    {file = "MarkupSafe-2.1.0-cp37-cp37m-musllinux_1_1_i686.whl", hash = "sha256:679cbb78914ab212c49c67ba2c7396dc599a8479de51b9a87b174700abd9ea49"},
    {file = "MarkupSafe-2.1.0-cp37-cp37m-musllinux_1_1_x86_64.whl", hash = "sha256:84ad5e29bf8bab3ad70fd707d3c05524862bddc54dc040982b0dbcff36481de7"},
    {file = "MarkupSafe-2.1.0-cp37-cp37m-win32.whl", hash = "sha256:8da5924cb1f9064589767b0f3fc39d03e3d0fb5aa29e0cb21d43106519bd624a"},
    {file = "MarkupSafe-2.1.0-cp37-cp37m-win_amd64.whl", hash = "sha256:454ffc1cbb75227d15667c09f164a0099159da0c1f3d2636aa648f12675491ad"},
    {file = "MarkupSafe-2.1.0-cp38-cp38-macosx_10_9_universal2.whl", hash = "sha256:142119fb14a1ef6d758912b25c4e803c3ff66920635c44078666fe7cc3f8f759"},
    {file = "MarkupSafe-2.1.0-cp38-cp38-macosx_10_9_x86_64.whl", hash = "sha256:b2a5a856019d2833c56a3dcac1b80fe795c95f401818ea963594b345929dffa7"},
    {file = "MarkupSafe-2.1.0-cp38-cp38-manylinux_2_17_aarch64.manylinux2014_aarch64.whl", hash = "sha256:1d1fb9b2eec3c9714dd936860850300b51dbaa37404209c8d4cb66547884b7ed"},
    {file = "MarkupSafe-2.1.0-cp38-cp38-manylinux_2_17_x86_64.manylinux2014_x86_64.whl", hash = "sha256:62c0285e91414f5c8f621a17b69fc0088394ccdaa961ef469e833dbff64bd5ea"},
    {file = "MarkupSafe-2.1.0-cp38-cp38-manylinux_2_5_i686.manylinux1_i686.manylinux_2_17_i686.manylinux2014_i686.whl", hash = "sha256:fc3150f85e2dbcf99e65238c842d1cfe69d3e7649b19864c1cc043213d9cd730"},
    {file = "MarkupSafe-2.1.0-cp38-cp38-musllinux_1_1_aarch64.whl", hash = "sha256:f02cf7221d5cd915d7fa58ab64f7ee6dd0f6cddbb48683debf5d04ae9b1c2cc1"},
    {file = "MarkupSafe-2.1.0-cp38-cp38-musllinux_1_1_i686.whl", hash = "sha256:d5653619b3eb5cbd35bfba3c12d575db2a74d15e0e1c08bf1db788069d410ce8"},
    {file = "MarkupSafe-2.1.0-cp38-cp38-musllinux_1_1_x86_64.whl", hash = "sha256:7d2f5d97fcbd004c03df8d8fe2b973fe2b14e7bfeb2cfa012eaa8759ce9a762f"},
    {file = "MarkupSafe-2.1.0-cp38-cp38-win32.whl", hash = "sha256:3cace1837bc84e63b3fd2dfce37f08f8c18aeb81ef5cf6bb9b51f625cb4e6cd8"},
    {file = "MarkupSafe-2.1.0-cp38-cp38-win_amd64.whl", hash = "sha256:fabbe18087c3d33c5824cb145ffca52eccd053061df1d79d4b66dafa5ad2a5ea"},
    {file = "MarkupSafe-2.1.0-cp39-cp39-macosx_10_9_universal2.whl", hash = "sha256:023af8c54fe63530545f70dd2a2a7eed18d07a9a77b94e8bf1e2ff7f252db9a3"},
    {file = "MarkupSafe-2.1.0-cp39-cp39-macosx_10_9_x86_64.whl", hash = "sha256:d66624f04de4af8bbf1c7f21cc06649c1c69a7f84109179add573ce35e46d448"},
    {file = "MarkupSafe-2.1.0-cp39-cp39-manylinux_2_17_aarch64.manylinux2014_aarch64.whl", hash = "sha256:c532d5ab79be0199fa2658e24a02fce8542df196e60665dd322409a03db6a52c"},
    {file = "MarkupSafe-2.1.0-cp39-cp39-manylinux_2_17_x86_64.manylinux2014_x86_64.whl", hash = "sha256:e67ec74fada3841b8c5f4c4f197bea916025cb9aa3fe5abf7d52b655d042f956"},
    {file = "MarkupSafe-2.1.0-cp39-cp39-manylinux_2_5_i686.manylinux1_i686.manylinux_2_17_i686.manylinux2014_i686.whl", hash = "sha256:30c653fde75a6e5eb814d2a0a89378f83d1d3f502ab710904ee585c38888816c"},
    {file = "MarkupSafe-2.1.0-cp39-cp39-musllinux_1_1_aarch64.whl", hash = "sha256:961eb86e5be7d0973789f30ebcf6caab60b844203f4396ece27310295a6082c7"},
    {file = "MarkupSafe-2.1.0-cp39-cp39-musllinux_1_1_i686.whl", hash = "sha256:598b65d74615c021423bd45c2bc5e9b59539c875a9bdb7e5f2a6b92dfcfc268d"},
    {file = "MarkupSafe-2.1.0-cp39-cp39-musllinux_1_1_x86_64.whl", hash = "sha256:599941da468f2cf22bf90a84f6e2a65524e87be2fce844f96f2dd9a6c9d1e635"},
    {file = "MarkupSafe-2.1.0-cp39-cp39-win32.whl", hash = "sha256:e6f7f3f41faffaea6596da86ecc2389672fa949bd035251eab26dc6697451d05"},
    {file = "MarkupSafe-2.1.0-cp39-cp39-win_amd64.whl", hash = "sha256:b8811d48078d1cf2a6863dafb896e68406c5f513048451cd2ded0473133473c7"},
    {file = "MarkupSafe-2.1.0.tar.gz", hash = "sha256:80beaf63ddfbc64a0452b841d8036ca0611e049650e20afcb882f5d3c266d65f"},
]
numpy = [
    {file = "numpy-1.22.3-cp310-cp310-macosx_10_14_x86_64.whl", hash = "sha256:92bfa69cfbdf7dfc3040978ad09a48091143cffb778ec3b03fa170c494118d75"},
    {file = "numpy-1.22.3-cp310-cp310-macosx_11_0_arm64.whl", hash = "sha256:8251ed96f38b47b4295b1ae51631de7ffa8260b5b087808ef09a39a9d66c97ab"},
    {file = "numpy-1.22.3-cp310-cp310-manylinux_2_17_aarch64.manylinux2014_aarch64.whl", hash = "sha256:48a3aecd3b997bf452a2dedb11f4e79bc5bfd21a1d4cc760e703c31d57c84b3e"},
    {file = "numpy-1.22.3-cp310-cp310-manylinux_2_17_x86_64.manylinux2014_x86_64.whl", hash = "sha256:a3bae1a2ed00e90b3ba5f7bd0a7c7999b55d609e0c54ceb2b076a25e345fa9f4"},
    {file = "numpy-1.22.3-cp310-cp310-win32.whl", hash = "sha256:f950f8845b480cffe522913d35567e29dd381b0dc7e4ce6a4a9f9156417d2430"},
    {file = "numpy-1.22.3-cp310-cp310-win_amd64.whl", hash = "sha256:08d9b008d0156c70dc392bb3ab3abb6e7a711383c3247b410b39962263576cd4"},
    {file = "numpy-1.22.3-cp38-cp38-macosx_10_14_x86_64.whl", hash = "sha256:201b4d0552831f7250a08d3b38de0d989d6f6e4658b709a02a73c524ccc6ffce"},
    {file = "numpy-1.22.3-cp38-cp38-macosx_11_0_arm64.whl", hash = "sha256:f8c1f39caad2c896bc0018f699882b345b2a63708008be29b1f355ebf6f933fe"},
    {file = "numpy-1.22.3-cp38-cp38-manylinux_2_17_aarch64.manylinux2014_aarch64.whl", hash = "sha256:568dfd16224abddafb1cbcce2ff14f522abe037268514dd7e42c6776a1c3f8e5"},
    {file = "numpy-1.22.3-cp38-cp38-manylinux_2_17_x86_64.manylinux2014_x86_64.whl", hash = "sha256:3ca688e1b9b95d80250bca34b11a05e389b1420d00e87a0d12dc45f131f704a1"},
    {file = "numpy-1.22.3-cp38-cp38-win32.whl", hash = "sha256:e7927a589df200c5e23c57970bafbd0cd322459aa7b1ff73b7c2e84d6e3eae62"},
    {file = "numpy-1.22.3-cp38-cp38-win_amd64.whl", hash = "sha256:07a8c89a04997625236c5ecb7afe35a02af3896c8aa01890a849913a2309c676"},
    {file = "numpy-1.22.3-cp39-cp39-macosx_10_14_x86_64.whl", hash = "sha256:2c10a93606e0b4b95c9b04b77dc349b398fdfbda382d2a39ba5a822f669a0123"},
    {file = "numpy-1.22.3-cp39-cp39-macosx_11_0_arm64.whl", hash = "sha256:fade0d4f4d292b6f39951b6836d7a3c7ef5b2347f3c420cd9820a1d90d794802"},
    {file = "numpy-1.22.3-cp39-cp39-manylinux_2_17_aarch64.manylinux2014_aarch64.whl", hash = "sha256:5bfb1bb598e8229c2d5d48db1860bcf4311337864ea3efdbe1171fb0c5da515d"},
    {file = "numpy-1.22.3-cp39-cp39-manylinux_2_17_x86_64.manylinux2014_x86_64.whl", hash = "sha256:97098b95aa4e418529099c26558eeb8486e66bd1e53a6b606d684d0c3616b168"},
    {file = "numpy-1.22.3-cp39-cp39-win32.whl", hash = "sha256:fdf3c08bce27132395d3c3ba1503cac12e17282358cb4bddc25cc46b0aca07aa"},
    {file = "numpy-1.22.3-cp39-cp39-win_amd64.whl", hash = "sha256:639b54cdf6aa4f82fe37ebf70401bbb74b8508fddcf4797f9fe59615b8c5813a"},
    {file = "numpy-1.22.3-pp38-pypy38_pp73-manylinux_2_17_x86_64.manylinux2014_x86_64.whl", hash = "sha256:c34ea7e9d13a70bf2ab64a2532fe149a9aced424cd05a2c4ba662fd989e3e45f"},
    {file = "numpy-1.22.3.zip", hash = "sha256:dbc7601a3b7472d559dc7b933b18b4b66f9aa7452c120e87dfb33d02008c8a18"},
]
opencv-python = [
    {file = "opencv-python-4.5.5.64.tar.gz", hash = "sha256:f65de0446a330c3b773cd04ba10345d8ce1b15dcac3f49770204e37602d0b3f7"},
    {file = "opencv_python-4.5.5.64-cp36-abi3-macosx_10_15_x86_64.whl", hash = "sha256:a512a0c59b6fec0fac3844b2f47d6ecb1a9d18d235e6c5491ce8dbbe0663eae8"},
    {file = "opencv_python-4.5.5.64-cp36-abi3-manylinux_2_17_aarch64.manylinux2014_aarch64.whl", hash = "sha256:ca6138b6903910e384067d001763d40f97656875487381aed32993b076f44375"},
    {file = "opencv_python-4.5.5.64-cp36-abi3-manylinux_2_17_x86_64.manylinux2014_x86_64.whl", hash = "sha256:b293ced62f4360d9f11cf72ae7e9df95320ff7bf5b834d87546f844e838c0c35"},
    {file = "opencv_python-4.5.5.64-cp36-abi3-win32.whl", hash = "sha256:6247e584813c00c3b9ed69a795da40d2c153dc923d0182e957e1c2f00a554ac2"},
    {file = "opencv_python-4.5.5.64-cp36-abi3-win_amd64.whl", hash = "sha256:408d5332550287aa797fd06bef47b2dfed163c6787668cc82ef9123a9484b56a"},
    {file = "opencv_python-4.5.5.64-cp37-abi3-macosx_11_0_arm64.whl", hash = "sha256:7787bb017ae93d5f9bb1b817ac8e13e45dd193743cb648498fcab21d00cf20a3"},
]
protobuf = [
    {file = "protobuf-3.19.4-cp310-cp310-macosx_10_9_universal2.whl", hash = "sha256:f51d5a9f137f7a2cec2d326a74b6e3fc79d635d69ffe1b036d39fc7d75430d37"},
    {file = "protobuf-3.19.4-cp310-cp310-manylinux2014_aarch64.whl", hash = "sha256:09297b7972da685ce269ec52af761743714996b4381c085205914c41fcab59fb"},
    {file = "protobuf-3.19.4-cp310-cp310-manylinux_2_17_x86_64.manylinux2014_x86_64.whl", hash = "sha256:072fbc78d705d3edc7ccac58a62c4c8e0cec856987da7df8aca86e647be4e35c"},
    {file = "protobuf-3.19.4-cp310-cp310-win32.whl", hash = "sha256:7bb03bc2873a2842e5ebb4801f5c7ff1bfbdf426f85d0172f7644fcda0671ae0"},
    {file = "protobuf-3.19.4-cp310-cp310-win_amd64.whl", hash = "sha256:f358aa33e03b7a84e0d91270a4d4d8f5df6921abe99a377828839e8ed0c04e07"},
    {file = "protobuf-3.19.4-cp36-cp36m-macosx_10_9_x86_64.whl", hash = "sha256:1c91ef4110fdd2c590effb5dca8fdbdcb3bf563eece99287019c4204f53d81a4"},
    {file = "protobuf-3.19.4-cp36-cp36m-manylinux_2_17_x86_64.manylinux2014_x86_64.whl", hash = "sha256:c438268eebb8cf039552897d78f402d734a404f1360592fef55297285f7f953f"},
    {file = "protobuf-3.19.4-cp36-cp36m-win32.whl", hash = "sha256:835a9c949dc193953c319603b2961c5c8f4327957fe23d914ca80d982665e8ee"},
    {file = "protobuf-3.19.4-cp36-cp36m-win_amd64.whl", hash = "sha256:4276cdec4447bd5015453e41bdc0c0c1234eda08420b7c9a18b8d647add51e4b"},
    {file = "protobuf-3.19.4-cp37-cp37m-macosx_10_9_x86_64.whl", hash = "sha256:6cbc312be5e71869d9d5ea25147cdf652a6781cf4d906497ca7690b7b9b5df13"},
    {file = "protobuf-3.19.4-cp37-cp37m-manylinux2014_aarch64.whl", hash = "sha256:54a1473077f3b616779ce31f477351a45b4fef8c9fd7892d6d87e287a38df368"},
    {file = "protobuf-3.19.4-cp37-cp37m-manylinux_2_17_x86_64.manylinux2014_x86_64.whl", hash = "sha256:435bb78b37fc386f9275a7035fe4fb1364484e38980d0dd91bc834a02c5ec909"},
    {file = "protobuf-3.19.4-cp37-cp37m-win32.whl", hash = "sha256:16f519de1313f1b7139ad70772e7db515b1420d208cb16c6d7858ea989fc64a9"},
    {file = "protobuf-3.19.4-cp37-cp37m-win_amd64.whl", hash = "sha256:cdc076c03381f5c1d9bb1abdcc5503d9ca8b53cf0a9d31a9f6754ec9e6c8af0f"},
    {file = "protobuf-3.19.4-cp38-cp38-macosx_10_9_x86_64.whl", hash = "sha256:69da7d39e39942bd52848438462674c463e23963a1fdaa84d88df7fbd7e749b2"},
    {file = "protobuf-3.19.4-cp38-cp38-manylinux2014_aarch64.whl", hash = "sha256:48ed3877fa43e22bcacc852ca76d4775741f9709dd9575881a373bd3e85e54b2"},
    {file = "protobuf-3.19.4-cp38-cp38-manylinux_2_17_x86_64.manylinux2014_x86_64.whl", hash = "sha256:bd95d1dfb9c4f4563e6093a9aa19d9c186bf98fa54da5252531cc0d3a07977e7"},
    {file = "protobuf-3.19.4-cp38-cp38-win32.whl", hash = "sha256:b38057450a0c566cbd04890a40edf916db890f2818e8682221611d78dc32ae26"},
    {file = "protobuf-3.19.4-cp38-cp38-win_amd64.whl", hash = "sha256:7ca7da9c339ca8890d66958f5462beabd611eca6c958691a8fe6eccbd1eb0c6e"},
    {file = "protobuf-3.19.4-cp39-cp39-macosx_10_9_x86_64.whl", hash = "sha256:36cecbabbda242915529b8ff364f2263cd4de7c46bbe361418b5ed859677ba58"},
    {file = "protobuf-3.19.4-cp39-cp39-manylinux2014_aarch64.whl", hash = "sha256:c1068287025f8ea025103e37d62ffd63fec8e9e636246b89c341aeda8a67c934"},
    {file = "protobuf-3.19.4-cp39-cp39-manylinux_2_17_x86_64.manylinux2014_x86_64.whl", hash = "sha256:96bd766831596d6014ca88d86dc8fe0fb2e428c0b02432fd9db3943202bf8c5e"},
    {file = "protobuf-3.19.4-cp39-cp39-win32.whl", hash = "sha256:84123274d982b9e248a143dadd1b9815049f4477dc783bf84efe6250eb4b836a"},
    {file = "protobuf-3.19.4-cp39-cp39-win_amd64.whl", hash = "sha256:3112b58aac3bac9c8be2b60a9daf6b558ca3f7681c130dcdd788ade7c9ffbdca"},
    {file = "protobuf-3.19.4-py2.py3-none-any.whl", hash = "sha256:8961c3a78ebfcd000920c9060a262f082f29838682b1f7201889300c1fbe0616"},
    {file = "protobuf-3.19.4.tar.gz", hash = "sha256:9df0c10adf3e83015ced42a9a7bd64e13d06c4cf45c340d2c63020ea04499d0a"},
]
pycodestyle = [
    {file = "pycodestyle-2.8.0-py2.py3-none-any.whl", hash = "sha256:720f8b39dde8b293825e7ff02c475f3077124006db4f440dcbc9a20b76548a20"},
    {file = "pycodestyle-2.8.0.tar.gz", hash = "sha256:eddd5847ef438ea1c7870ca7eb78a9d47ce0cdb4851a5523949f2601d0cbbe7f"},
]
pysimplegui = [
    {file = "PySimpleGUI-4.57.0-py3-none-any.whl", hash = "sha256:192e898c301a871ebcd3804bd99257f643a0eb97f9405518e76cace6d01b24d7"},
    {file = "PySimpleGUI-4.57.0.tar.gz", hash = "sha256:f8372bbfe7ac9ed848ef80052cae3bb12daa238b0fbe286e4252f9e19a37d913"},
]
python-dotenv = [
    {file = "python-dotenv-0.20.0.tar.gz", hash = "sha256:b7e3b04a59693c42c36f9ab1cc2acc46fa5df8c78e178fc33a8d4cd05c8d498f"},
    {file = "python_dotenv-0.20.0-py3-none-any.whl", hash = "sha256:d92a187be61fe482e4fd675b6d52200e7be63a12b724abbf931a40ce4fa92938"},
]
six = [
    {file = "six-1.16.0-py2.py3-none-any.whl", hash = "sha256:8abb2f1d86890a2dfb989f9a77cfcfd3e47c2a354b01111771326f8aa26e0254"},
    {file = "six-1.16.0.tar.gz", hash = "sha256:1e61c37477a1626458e36f7b1d82aa5c9b094fa4802892072e49de9c60c4c926"},
]
toml = [
    {file = "toml-0.10.2-py2.py3-none-any.whl", hash = "sha256:806143ae5bfb6a3c6e736a764057db0e6a0e05e338b5630894a5f779cabb4f9b"},
    {file = "toml-0.10.2.tar.gz", hash = "sha256:b3bda1d108d5dd99f4a20d24d9c348e91c4db7ab1b749200bded2f839ccbe68f"},
]
werkzeug = [
    {file = "Werkzeug-2.0.3-py3-none-any.whl", hash = "sha256:1421ebfc7648a39a5c58c601b154165d05cf47a3cd0ccb70857cbdacf6c8f2b8"},
    {file = "Werkzeug-2.0.3.tar.gz", hash = "sha256:b863f8ff057c522164b6067c9e28b041161b4be5ba4d0daceeaa50a163822d3c"},
]
